
Microsoft Visual Studio Solution File, Format Version 12.00
# Visual Studio Version 16
VisualStudioVersion = 16.0.30804.86
MinimumVisualStudioVersion = 10.0.40219.1
Project("{FAE04EC0-301F-11D3-BF4B-00C04F79EFBC}") = "MIGEOT_DE_BARAN-LACOUTIERE2.PSI", "MIGEOT_DE_BARAN-LACOUTIERE2.PSI\MIGEOT_DE_BARAN-LACOUTIERE2.PSI.csproj", "{4D872D5D-892E-4B7C-93C4-24AB3C5F8DC8}"
EndProject
Project("{9A19103F-16F7-4668-BE54-9A1E7A4F7556}") = "TestProject1", "TestProject1\TestProject1.csproj", "{01257F2A-57B6-4262-82D3-5C68438CA675}"
EndProject
Global
	GlobalSection(SolutionConfigurationPlatforms) = preSolution
		Debug|Any CPU = Debug|Any CPU
		Release|Any CPU = Release|Any CPU
	EndGlobalSection
	GlobalSection(ProjectConfigurationPlatforms) = postSolution
		{4D872D5D-892E-4B7C-93C4-24AB3C5F8DC8}.Debug|Any CPU.ActiveCfg = Debug|Any CPU
		{4D872D5D-892E-4B7C-93C4-24AB3C5F8DC8}.Debug|Any CPU.Build.0 = Debug|Any CPU
		{4D872D5D-892E-4B7C-93C4-24AB3C5F8DC8}.Release|Any CPU.ActiveCfg = Release|Any CPU
		{4D872D5D-892E-4B7C-93C4-24AB3C5F8DC8}.Release|Any CPU.Build.0 = Release|Any CPU
		{01257F2A-57B6-4262-82D3-5C68438CA675}.Debug|Any CPU.ActiveCfg = Debug|Any CPU
		{01257F2A-57B6-4262-82D3-5C68438CA675}.Debug|Any CPU.Build.0 = Debug|Any CPU
		{01257F2A-57B6-4262-82D3-5C68438CA675}.Release|Any CPU.ActiveCfg = Release|Any CPU
		{01257F2A-57B6-4262-82D3-5C68438CA675}.Release|Any CPU.Build.0 = Release|Any CPU
	EndGlobalSection
	GlobalSection(SolutionProperties) = preSolution
		HideSolutionNode = FALSE
	EndGlobalSection
	GlobalSection(ExtensibilityGlobals) = postSolution
		SolutionGuid = {C8C490C5-EA81-4A17-A652-76F97544C2A5}
	EndGlobalSection
EndGlobal
